{
  "version": 4,
  "terraform_version": "1.12.1",
  "serial": 5,
  "lineage": "6fe52d18-e319-01e0-340a-a39d6d2ebf10",
  "outputs": {
    "resource_group_name": {
      "value": "myresourcegroup97",
      "type": "string"
    },
    "sql_database_name": {
      "value": "myuniquedb97",
      "type": "string"
    },
    "sql_server_name": {
      "value": "myuniquesqlserver97",
      "type": "string"
    }
  },
  "resources": [
    {
      "mode": "managed",
      "type": "azurerm_resource_group",
      "name": "rg",
      "provider": "provider[\"registry.terraform.io/hashicorp/azurerm\"]",
      "instances": [
        {
          "schema_version": 0,
          "attributes": {
            "id": "/subscriptions/214c7f1b-70a8-47ec-9392-b25296a5e8cc/resourceGroups/myresourcegroup97",
            "location": "eastus2",
            "managed_by": "",
            "name": "myresourcegroup97",
            "tags": null,
            "timeouts": null
          },
          "sensitive_attributes": [],
          "identity_schema_version": 0,
          "private": "eyJlMmJmYjczMC1lY2FhLTExZTYtOGY4OC0zNDM2M2JjN2M0YzAiOnsiY3JlYXRlIjo1NDAwMDAwMDAwMDAwLCJkZWxldGUiOjU0MDAwMDAwMDAwMDAsInJlYWQiOjMwMDAwMDAwMDAwMCwidXBkYXRlIjo1NDAwMDAwMDAwMDAwfX0="
        }
      ]
    }
  ],
  "check_results": null
}
